// !$*UTF8*$!
{
	archiveVersion = 1;
	classes = {
	};
	objectVersion = 55;
	objects = {

/* Begin PBXBuildFile section */
		DC362E862C0BC62300A13B44 /* ElegirUsuarioViewController.swift in Sources */ = {isa = PBXBuildFile; fileRef = DC362E852C0BC62300A13B44 /* ElegirUsuarioViewController.swift */; };
		DC362E8A2C0BD06500A13B44 /* Usuario.swift in Sources */ = {isa = PBXBuildFile; fileRef = DC362E892C0BD06500A13B44 /* Usuario.swift */; };
		DC3B83FE2C050F4500E33EB5 /* SnapsViewController.swift in Sources */ = {isa = PBXBuildFile; fileRef = DC3B83FD2C050F4500E33EB5 /* SnapsViewController.swift */; };
		DC3B84022C05179900E33EB5 /* ImagenViewController.swift in Sources */ = {isa = PBXBuildFile; fileRef = DC3B84012C05179800E33EB5 /* ImagenViewController.swift */; };
		DC7698472BFBE4E2008DC6A9 /* GoogleService-Info.plist in Resources */ = {isa = PBXBuildFile; fileRef = DC7698462BFBE4E2008DC6A9 /* GoogleService-Info.plist */; };
		DCBB2F292BFBCD770045F9FF /* AppDelegate.swift in Sources */ = {isa = PBXBuildFile; fileRef = DCBB2F282BFBCD770045F9FF /* AppDelegate.swift */; };
		DCBB2F2B2BFBCD770045F9FF /* SceneDelegate.swift in Sources */ = {isa = PBXBuildFile; fileRef = DCBB2F2A2BFBCD770045F9FF /* SceneDelegate.swift */; };
		DCBB2F2D2BFBCD770045F9FF /* iniciarSesionViewController.swift in Sources */ = {isa = PBXBuildFile; fileRef = DCBB2F2C2BFBCD770045F9FF /* iniciarSesionViewController.swift */; };
		DCBB2F302BFBCD770045F9FF /* Main.storyboard in Resources */ = {isa = PBXBuildFile; fileRef = DCBB2F2E2BFBCD770045F9FF /* Main.storyboard */; };
		DCBB2F322BFBCD7D0045F9FF /* Assets.xcassets in Resources */ = {isa = PBXBuildFile; fileRef = DCBB2F312BFBCD7D0045F9FF /* Assets.xcassets */; };
		DCBB2F352BFBCD7D0045F9FF /* LaunchScreen.storyboard in Resources */ = {isa = PBXBuildFile; fileRef = DCBB2F332BFBCD7D0045F9FF /* LaunchScreen.storyboard */; };
		DCBB2F402BFBD2BC0045F9FF /* FirebaseAnalytics in Frameworks */ = {isa = PBXBuildFile; productRef = DCBB2F3F2BFBD2BC0045F9FF /* FirebaseAnalytics */; };
		DCBB2F422BFBD2BC0045F9FF /* FirebaseAnalyticsOnDeviceConversion in Frameworks */ = {isa = PBXBuildFile; productRef = DCBB2F412BFBD2BC0045F9FF /* FirebaseAnalyticsOnDeviceConversion */; };
		DCBB2F442BFBD2BC0045F9FF /* FirebaseAnalyticsSwift in Frameworks */ = {isa = PBXBuildFile; productRef = DCBB2F432BFBD2BC0045F9FF /* FirebaseAnalyticsSwift */; };
		DCBB2F462BFBD2BC0045F9FF /* FirebaseAnalyticsWithoutAdIdSupport in Frameworks */ = {isa = PBXBuildFile; productRef = DCBB2F452BFBD2BC0045F9FF /* FirebaseAnalyticsWithoutAdIdSupport */; };
		DCBB2F482BFBD2BC0045F9FF /* FirebaseAppCheck in Frameworks */ = {isa = PBXBuildFile; productRef = DCBB2F472BFBD2BC0045F9FF /* FirebaseAppCheck */; };
		DCBB2F4A2BFBD2BC0045F9FF /* FirebaseAppDistribution-Beta in Frameworks */ = {isa = PBXBuildFile; productRef = DCBB2F492BFBD2BC0045F9FF /* FirebaseAppDistribution-Beta */; };
		DCBB2F4C2BFBD2BC0045F9FF /* FirebaseAuth in Frameworks */ = {isa = PBXBuildFile; productRef = DCBB2F4B2BFBD2BC0045F9FF /* FirebaseAuth */; };
		DCBB2F4E2BFBD2BC0045F9FF /* FirebaseAuthCombine-Community in Frameworks */ = {isa = PBXBuildFile; productRef = DCBB2F4D2BFBD2BC0045F9FF /* FirebaseAuthCombine-Community */; };
		DCBB2F502BFBD2BC0045F9FF /* FirebaseCrashlytics in Frameworks */ = {isa = PBXBuildFile; productRef = DCBB2F4F2BFBD2BC0045F9FF /* FirebaseCrashlytics */; };
		DCBB2F522BFBD2BC0045F9FF /* FirebaseDatabase in Frameworks */ = {isa = PBXBuildFile; productRef = DCBB2F512BFBD2BC0045F9FF /* FirebaseDatabase */; };
		DCBB2F542BFBD2BC0045F9FF /* FirebaseDatabaseSwift in Frameworks */ = {isa = PBXBuildFile; productRef = DCBB2F532BFBD2BC0045F9FF /* FirebaseDatabaseSwift */; };
		DCBB2F562BFBD2BC0045F9FF /* FirebaseDynamicLinks in Frameworks */ = {isa = PBXBuildFile; productRef = DCBB2F552BFBD2BC0045F9FF /* FirebaseDynamicLinks */; };
		DCBB2F582BFBD2BC0045F9FF /* FirebaseFirestore in Frameworks */ = {isa = PBXBuildFile; productRef = DCBB2F572BFBD2BC0045F9FF /* FirebaseFirestore */; };
		DCBB2F5A2BFBD2BC0045F9FF /* FirebaseFirestoreCombine-Community in Frameworks */ = {isa = PBXBuildFile; productRef = DCBB2F592BFBD2BC0045F9FF /* FirebaseFirestoreCombine-Community */; };
		DCBB2F5C2BFBD2BC0045F9FF /* FirebaseFirestoreSwift in Frameworks */ = {isa = PBXBuildFile; productRef = DCBB2F5B2BFBD2BC0045F9FF /* FirebaseFirestoreSwift */; };
		DCBB2F5E2BFBD2BC0045F9FF /* FirebaseFunctions in Frameworks */ = {isa = PBXBuildFile; productRef = DCBB2F5D2BFBD2BC0045F9FF /* FirebaseFunctions */; };
		DCBB2F602BFBD2BC0045F9FF /* FirebaseFunctionsCombine-Community in Frameworks */ = {isa = PBXBuildFile; productRef = DCBB2F5F2BFBD2BC0045F9FF /* FirebaseFunctionsCombine-Community */; };
		DCBB2F622BFBD2BC0045F9FF /* FirebaseInAppMessaging-Beta in Frameworks */ = {isa = PBXBuildFile; productRef = DCBB2F612BFBD2BC0045F9FF /* FirebaseInAppMessaging-Beta */; };
		DCBB2F642BFBD2BC0045F9FF /* FirebaseInAppMessagingSwift-Beta in Frameworks */ = {isa = PBXBuildFile; productRef = DCBB2F632BFBD2BC0045F9FF /* FirebaseInAppMessagingSwift-Beta */; };
		DCBB2F662BFBD2BC0045F9FF /* FirebaseInstallations in Frameworks */ = {isa = PBXBuildFile; productRef = DCBB2F652BFBD2BC0045F9FF /* FirebaseInstallations */; };
		DCBB2F682BFBD2BC0045F9FF /* FirebaseMLModelDownloader in Frameworks */ = {isa = PBXBuildFile; productRef = DCBB2F672BFBD2BC0045F9FF /* FirebaseMLModelDownloader */; };
		DCBB2F6A2BFBD2BC0045F9FF /* FirebaseMessaging in Frameworks */ = {isa = PBXBuildFile; productRef = DCBB2F692BFBD2BC0045F9FF /* FirebaseMessaging */; };
		DCBB2F6C2BFBD2BC0045F9FF /* FirebasePerformance in Frameworks */ = {isa = PBXBuildFile; productRef = DCBB2F6B2BFBD2BC0045F9FF /* FirebasePerformance */; };
		DCBB2F6E2BFBD2BC0045F9FF /* FirebaseRemoteConfig in Frameworks */ = {isa = PBXBuildFile; productRef = DCBB2F6D2BFBD2BC0045F9FF /* FirebaseRemoteConfig */; };
		DCBB2F702BFBD2BC0045F9FF /* FirebaseRemoteConfigSwift in Frameworks */ = {isa = PBXBuildFile; productRef = DCBB2F6F2BFBD2BC0045F9FF /* FirebaseRemoteConfigSwift */; };
		DCBB2F722BFBD2BC0045F9FF /* FirebaseStorage in Frameworks */ = {isa = PBXBuildFile; productRef = DCBB2F712BFBD2BC0045F9FF /* FirebaseStorage */; };
		DCBB2F742BFBD2BC0045F9FF /* FirebaseStorageCombine-Community in Frameworks */ = {isa = PBXBuildFile; productRef = DCBB2F732BFBD2BC0045F9FF /* FirebaseStorageCombine-Community */; };
		DCBE9F442BFBE294003B2710 /* GoogleSignIn in Frameworks */ = {isa = PBXBuildFile; productRef = DCBE9F432BFBE294003B2710 /* GoogleSignIn */; };
		DCBE9F462BFBE294003B2710 /* GoogleSignInSwift in Frameworks */ = {isa = PBXBuildFile; productRef = DCBE9F452BFBE294003B2710 /* GoogleSignInSwift */; };
/* End PBXBuildFile section */

/* Begin PBXFileReference section */
		DC362E852C0BC62300A13B44 /* ElegirUsuarioViewController.swift */ = {isa = PBXFileReference; lastKnownFileType = sourcecode.swift; path = ElegirUsuarioViewController.swift; sourceTree = "<group>"; };
		DC362E892C0BD06500A13B44 /* Usuario.swift */ = {isa = PBXFileReference; lastKnownFileType = sourcecode.swift; path = Usuario.swift; sourceTree = "<group>"; };
		DC3B83FD2C050F4500E33EB5 /* SnapsViewController.swift */ = {isa = PBXFileReference; lastKnownFileType = sourcecode.swift; path = SnapsViewController.swift; sourceTree = "<group>"; };
		DC3B84012C05179800E33EB5 /* ImagenViewController.swift */ = {isa = PBXFileReference; lastKnownFileType = sourcecode.swift; path = ImagenViewController.swift; sourceTree = "<group>"; };
		DC7698462BFBE4E2008DC6A9 /* GoogleService-Info.plist */ = {isa = PBXFileReference; fileEncoding = 4; lastKnownFileType = text.plist.xml; path = "GoogleService-Info.plist"; sourceTree = "<group>"; };
		DCBB2F252BFBCD770045F9FF /* NoaSnapchat.app */ = {isa = PBXFileReference; explicitFileType = wrapper.application; includeInIndex = 0; path = NoaSnapchat.app; sourceTree = BUILT_PRODUCTS_DIR; };
		DCBB2F282BFBCD770045F9FF /* AppDelegate.swift */ = {isa = PBXFileReference; lastKnownFileType = sourcecode.swift; path = AppDelegate.swift; sourceTree = "<group>"; };
		DCBB2F2A2BFBCD770045F9FF /* SceneDelegate.swift */ = {isa = PBXFileReference; lastKnownFileType = sourcecode.swift; path = SceneDelegate.swift; sourceTree = "<group>"; };
		DCBB2F2C2BFBCD770045F9FF /* iniciarSesionViewController.swift */ = {isa = PBXFileReference; lastKnownFileType = sourcecode.swift; path = iniciarSesionViewController.swift; sourceTree = "<group>"; };
		DCBB2F2F2BFBCD770045F9FF /* Base */ = {isa = PBXFileReference; lastKnownFileType = file.storyboard; name = Base; path = Base.lproj/Main.storyboard; sourceTree = "<group>"; };
		DCBB2F312BFBCD7D0045F9FF /* Assets.xcassets */ = {isa = PBXFileReference; lastKnownFileType = folder.assetcatalog; path = Assets.xcassets; sourceTree = "<group>"; };
		DCBB2F342BFBCD7D0045F9FF /* Base */ = {isa = PBXFileReference; lastKnownFileType = file.storyboard; name = Base; path = Base.lproj/LaunchScreen.storyboard; sourceTree = "<group>"; };
		DCBB2F362BFBCD7D0045F9FF /* Info.plist */ = {isa = PBXFileReference; lastKnownFileType = text.plist.xml; path = Info.plist; sourceTree = "<group>"; };
/* End PBXFileReference section */

/* Begin PBXFrameworksBuildPhase section */
		DCBB2F222BFBCD770045F9FF /* Frameworks */ = {
			isa = PBXFrameworksBuildPhase;
			buildActionMask = 2147483647;
			files = (
				DCBB2F522BFBD2BC0045F9FF /* FirebaseDatabase in Frameworks */,
				DCBB2F602BFBD2BC0045F9FF /* FirebaseFunctionsCombine-Community in Frameworks */,
				DCBB2F582BFBD2BC0045F9FF /* FirebaseFirestore in Frameworks */,
				DCBB2F442BFBD2BC0045F9FF /* FirebaseAnalyticsSwift in Frameworks */,
				DCBB2F402BFBD2BC0045F9FF /* FirebaseAnalytics in Frameworks */,
				DCBB2F422BFBD2BC0045F9FF /* FirebaseAnalyticsOnDeviceConversion in Frameworks */,
				DCBB2F682BFBD2BC0045F9FF /* FirebaseMLModelDownloader in Frameworks */,
				DCBE9F462BFBE294003B2710 /* GoogleSignInSwift in Frameworks */,
				DCBB2F5C2BFBD2BC0045F9FF /* FirebaseFirestoreSwift in Frameworks */,
				DCBB2F482BFBD2BC0045F9FF /* FirebaseAppCheck in Frameworks */,
				DCBB2F462BFBD2BC0045F9FF /* FirebaseAnalyticsWithoutAdIdSupport in Frameworks */,
				DCBB2F4C2BFBD2BC0045F9FF /* FirebaseAuth in Frameworks */,
				DCBB2F502BFBD2BC0045F9FF /* FirebaseCrashlytics in Frameworks */,
				DCBB2F702BFBD2BC0045F9FF /* FirebaseRemoteConfigSwift in Frameworks */,
				DCBE9F442BFBE294003B2710 /* GoogleSignIn in Frameworks */,
				DCBB2F622BFBD2BC0045F9FF /* FirebaseInAppMessaging-Beta in Frameworks */,
				DCBB2F542BFBD2BC0045F9FF /* FirebaseDatabaseSwift in Frameworks */,
				DCBB2F5E2BFBD2BC0045F9FF /* FirebaseFunctions in Frameworks */,
				DCBB2F742BFBD2BC0045F9FF /* FirebaseStorageCombine-Community in Frameworks */,
				DCBB2F6E2BFBD2BC0045F9FF /* FirebaseRemoteConfig in Frameworks */,
				DCBB2F4A2BFBD2BC0045F9FF /* FirebaseAppDistribution-Beta in Frameworks */,
				DCBB2F4E2BFBD2BC0045F9FF /* FirebaseAuthCombine-Community in Frameworks */,
				DCBB2F6C2BFBD2BC0045F9FF /* FirebasePerformance in Frameworks */,
				DCBB2F642BFBD2BC0045F9FF /* FirebaseInAppMessagingSwift-Beta in Frameworks */,
				DCBB2F722BFBD2BC0045F9FF /* FirebaseStorage in Frameworks */,
				DCBB2F562BFBD2BC0045F9FF /* FirebaseDynamicLinks in Frameworks */,
				DCBB2F5A2BFBD2BC0045F9FF /* FirebaseFirestoreCombine-Community in Frameworks */,
				DCBB2F6A2BFBD2BC0045F9FF /* FirebaseMessaging in Frameworks */,
				DCBB2F662BFBD2BC0045F9FF /* FirebaseInstallations in Frameworks */,
			);
			runOnlyForDeploymentPostprocessing = 0;
		};
/* End PBXFrameworksBuildPhase section */

/* Begin PBXGroup section */
		DC362E872C0BCFBB00A13B44 /* ViewControllers */ = {
			isa = PBXGroup;
			children = (
				DC362E852C0BC62300A13B44 /* ElegirUsuarioViewController.swift */,
				DCBB2F2C2BFBCD770045F9FF /* iniciarSesionViewController.swift */,
				DC3B83FD2C050F4500E33EB5 /* SnapsViewController.swift */,
				DC3B84012C05179800E33EB5 /* ImagenViewController.swift */,
			);
			path = ViewControllers;
			sourceTree = "<group>";
		};
		DC362E882C0BD01A00A13B44 /* Modelos */ = {
			isa = PBXGroup;
			children = (
				DC362E892C0BD06500A13B44 /* Usuario.swift */,
			);
			path = Modelos;
			sourceTree = "<group>";
		};
		DCBB2F1C2BFBCD770045F9FF = {
			isa = PBXGroup;
			children = (
				DCBB2F272BFBCD770045F9FF /* NoaSnapchat */,
				DCBB2F262BFBCD770045F9FF /* Products */,
			);
			sourceTree = "<group>";
		};
		DCBB2F262BFBCD770045F9FF /* Products */ = {
			isa = PBXGroup;
			children = (
				DCBB2F252BFBCD770045F9FF /* NoaSnapchat.app */,
			);
			name = Products;
			sourceTree = "<group>";
		};
		DCBB2F272BFBCD770045F9FF /* NoaSnapchat */ = {
			isa = PBXGroup;
			children = (
				DC362E882C0BD01A00A13B44 /* Modelos */,
				DC362E872C0BCFBB00A13B44 /* ViewControllers */,
				DCBB2F282BFBCD770045F9FF /* AppDelegate.swift */,
				DCBB2F2A2BFBCD770045F9FF /* SceneDelegate.swift */,
				DCBB2F2E2BFBCD770045F9FF /* Main.storyboard */,
				DCBB2F312BFBCD7D0045F9FF /* Assets.xcassets */,
				DCBB2F332BFBCD7D0045F9FF /* LaunchScreen.storyboard */,
				DCBB2F362BFBCD7D0045F9FF /* Info.plist */,
				DC7698462BFBE4E2008DC6A9 /* GoogleService-Info.plist */,
			);
			path = NoaSnapchat;
			sourceTree = "<group>";
		};
/* End PBXGroup section */

/* Begin PBXNativeTarget section */
		DCBB2F242BFBCD770045F9FF /* NoaSnapchat */ = {
			isa = PBXNativeTarget;
			buildConfigurationList = DCBB2F392BFBCD7D0045F9FF /* Build configuration list for PBXNativeTarget "NoaSnapchat" */;
			buildPhases = (
				DCBB2F212BFBCD770045F9FF /* Sources */,
				DCBB2F222BFBCD770045F9FF /* Frameworks */,
				DCBB2F232BFBCD770045F9FF /* Resources */,
			);
			buildRules = (
			);
			dependencies = (
			);
			name = NoaSnapchat;
			packageProductDependencies = (
				DCBB2F3F2BFBD2BC0045F9FF /* FirebaseAnalytics */,
				DCBB2F412BFBD2BC0045F9FF /* FirebaseAnalyticsOnDeviceConversion */,
				DCBB2F432BFBD2BC0045F9FF /* FirebaseAnalyticsSwift */,
				DCBB2F452BFBD2BC0045F9FF /* FirebaseAnalyticsWithoutAdIdSupport */,
				DCBB2F472BFBD2BC0045F9FF /* FirebaseAppCheck */,
				DCBB2F492BFBD2BC0045F9FF /* FirebaseAppDistribution-Beta */,
				DCBB2F4B2BFBD2BC0045F9FF /* FirebaseAuth */,
				DCBB2F4D2BFBD2BC0045F9FF /* FirebaseAuthCombine-Community */,
				DCBB2F4F2BFBD2BC0045F9FF /* FirebaseCrashlytics */,
				DCBB2F512BFBD2BC0045F9FF /* FirebaseDatabase */,
				DCBB2F532BFBD2BC0045F9FF /* FirebaseDatabaseSwift */,
				DCBB2F552BFBD2BC0045F9FF /* FirebaseDynamicLinks */,
				DCBB2F572BFBD2BC0045F9FF /* FirebaseFirestore */,
				DCBB2F592BFBD2BC0045F9FF /* FirebaseFirestoreCombine-Community */,
				DCBB2F5B2BFBD2BC0045F9FF /* FirebaseFirestoreSwift */,
				DCBB2F5D2BFBD2BC0045F9FF /* FirebaseFunctions */,
				DCBB2F5F2BFBD2BC0045F9FF /* FirebaseFunctionsCombine-Community */,
				DCBB2F612BFBD2BC0045F9FF /* FirebaseInAppMessaging-Beta */,
				DCBB2F632BFBD2BC0045F9FF /* FirebaseInAppMessagingSwift-Beta */,
				DCBB2F652BFBD2BC0045F9FF /* FirebaseInstallations */,
				DCBB2F672BFBD2BC0045F9FF /* FirebaseMLModelDownloader */,
				DCBB2F692BFBD2BC0045F9FF /* FirebaseMessaging */,
				DCBB2F6B2BFBD2BC0045F9FF /* FirebasePerformance */,
				DCBB2F6D2BFBD2BC0045F9FF /* FirebaseRemoteConfig */,
				DCBB2F6F2BFBD2BC0045F9FF /* FirebaseRemoteConfigSwift */,
				DCBB2F712BFBD2BC0045F9FF /* FirebaseStorage */,
				DCBB2F732BFBD2BC0045F9FF /* FirebaseStorageCombine-Community */,
				DCBE9F432BFBE294003B2710 /* GoogleSignIn */,
				DCBE9F452BFBE294003B2710 /* GoogleSignInSwift */,
			);
			productName = NoaSnapchat;
			productReference = DCBB2F252BFBCD770045F9FF /* NoaSnapchat.app */;
			productType = "com.apple.product-type.application";
		};
/* End PBXNativeTarget section */

/* Begin PBXProject section */
		DCBB2F1D2BFBCD770045F9FF /* Project object */ = {
			isa = PBXProject;
			attributes = {
				BuildIndependentTargetsInParallel = 1;
				LastSwiftUpdateCheck = 1340;
				LastUpgradeCheck = 1340;
				TargetAttributes = {
					DCBB2F242BFBCD770045F9FF = {
						CreatedOnToolsVersion = 13.4.1;
					};
				};
			};
			buildConfigurationList = DCBB2F202BFBCD770045F9FF /* Build configuration list for PBXProject "NoaSnapchat" */;
			compatibilityVersion = "Xcode 13.0";
			developmentRegion = en;
			hasScannedForEncodings = 0;
			knownRegions = (
				en,
				Base,
			);
			mainGroup = DCBB2F1C2BFBCD770045F9FF;
			packageReferences = (
				DCBB2F3E2BFBD2BC0045F9FF /* XCRemoteSwiftPackageReference "firebase-ios-sdk" */,
				DCBE9F422BFBE294003B2710 /* XCRemoteSwiftPackageReference "GoogleSignIn-iOS" */,
			);
			productRefGroup = DCBB2F262BFBCD770045F9FF /* Products */;
			projectDirPath = "";
			projectRoot = "";
			targets = (
				DCBB2F242BFBCD770045F9FF /* NoaSnapchat */,
			);
		};
/* End PBXProject section */

/* Begin PBXResourcesBuildPhase section */
		DCBB2F232BFBCD770045F9FF /* Resources */ = {
			isa = PBXResourcesBuildPhase;
			buildActionMask = 2147483647;
			files = (
				DC7698472BFBE4E2008DC6A9 /* GoogleService-Info.plist in Resources */,
				DCBB2F352BFBCD7D0045F9FF /* LaunchScreen.storyboard in Resources */,
				DCBB2F322BFBCD7D0045F9FF /* Assets.xcassets in Resources */,
				DCBB2F302BFBCD770045F9FF /* Main.storyboard in Resources */,
			);
			runOnlyForDeploymentPostprocessing = 0;
		};
/* End PBXResourcesBuildPhase section */

/* Begin PBXSourcesBuildPhase section */
		DCBB2F212BFBCD770045F9FF /* Sources */ = {
			isa = PBXSourcesBuildPhase;
			buildActionMask = 2147483647;
			files = (
				DC3B83FE2C050F4500E33EB5 /* SnapsViewController.swift in Sources */,
				DC3B84022C05179900E33EB5 /* ImagenViewController.swift in Sources */,
				DC362E8A2C0BD06500A13B44 /* Usuario.swift in Sources */,
				DCBB2F2D2BFBCD770045F9FF /* iniciarSesionViewController.swift in Sources */,
				DCBB2F292BFBCD770045F9FF /* AppDelegate.swift in Sources */,
				DCBB2F2B2BFBCD770045F9FF /* SceneDelegate.swift in Sources */,
				DC362E862C0BC62300A13B44 /* ElegirUsuarioViewController.swift in Sources */,
			);
			runOnlyForDeploymentPostprocessing = 0;
		};
/* End PBXSourcesBuildPhase section */

/* Begin PBXVariantGroup section */
		DCBB2F2E2BFBCD770045F9FF /* Main.storyboard */ = {
			isa = PBXVariantGroup;
			children = (
				DCBB2F2F2BFBCD770045F9FF /* Base */,
			);
			name = Main.storyboard;
			sourceTree = "<group>";
		};
		DCBB2F332BFBCD7D0045F9FF /* LaunchScreen.storyboard */ = {
			isa = PBXVariantGroup;
			children = (
				DCBB2F342BFBCD7D0045F9FF /* Base */,
			);
			name = LaunchScreen.storyboard;
			sourceTree = "<group>";
		};
/* End PBXVariantGroup section */

/* Begin XCBuildConfiguration section */
		DCBB2F372BFBCD7D0045F9FF /* Debug */ = {
			isa = XCBuildConfiguration;
			buildSettings = {
				ALWAYS_SEARCH_USER_PATHS = NO;
				CLANG_ANALYZER_NONNULL = YES;
				CLANG_ANALYZER_NUMBER_OBJECT_CONVERSION = YES_AGGRESSIVE;
				CLANG_CXX_LANGUAGE_STANDARD = "gnu++17";
				CLANG_ENABLE_MODULES = YES;
				CLANG_ENABLE_OBJC_ARC = YES;
				CLANG_ENABLE_OBJC_WEAK = YES;
				CLANG_WARN_BLOCK_CAPTURE_AUTORELEASING = YES;
				CLANG_WARN_BOOL_CONVERSION = YES;
				CLANG_WARN_COMMA = YES;
				CLANG_WARN_CONSTANT_CONVERSION = YES;
				CLANG_WARN_DEPRECATED_OBJC_IMPLEMENTATIONS = YES;
				CLANG_WARN_DIRECT_OBJC_ISA_USAGE = YES_ERROR;
				CLANG_WARN_DOCUMENTATION_COMMENTS = YES;
				CLANG_WARN_EMPTY_BODY = YES;
				CLANG_WARN_ENUM_CONVERSION = YES;
				CLANG_WARN_INFINITE_RECURSION = YES;
				CLANG_WARN_INT_CONVERSION = YES;
				CLANG_WARN_NON_LITERAL_NULL_CONVERSION = YES;
				CLANG_WARN_OBJC_IMPLICIT_RETAIN_SELF = YES;
				CLANG_WARN_OBJC_LITERAL_CONVERSION = YES;
				CLANG_WARN_OBJC_ROOT_CLASS = YES_ERROR;
				CLANG_WARN_QUOTED_INCLUDE_IN_FRAMEWORK_HEADER = YES;
				CLANG_WARN_RANGE_LOOP_ANALYSIS = YES;
				CLANG_WARN_STRICT_PROTOTYPES = YES;
				CLANG_WARN_SUSPICIOUS_MOVE = YES;
				CLANG_WARN_UNGUARDED_AVAILABILITY = YES_AGGRESSIVE;
				CLANG_WARN_UNREACHABLE_CODE = YES;
				CLANG_WARN__DUPLICATE_METHOD_MATCH = YES;
				COPY_PHASE_STRIP = NO;
				DEBUG_INFORMATION_FORMAT = dwarf;
				ENABLE_STRICT_OBJC_MSGSEND = YES;
				ENABLE_TESTABILITY = YES;
				GCC_C_LANGUAGE_STANDARD = gnu11;
				GCC_DYNAMIC_NO_PIC = NO;
				GCC_NO_COMMON_BLOCKS = YES;
				GCC_OPTIMIZATION_LEVEL = 0;
				GCC_PREPROCESSOR_DEFINITIONS = (
					"DEBUG=1",
					"$(inherited)",
				);
				GCC_WARN_64_TO_32_BIT_CONVERSION = YES;
				GCC_WARN_ABOUT_RETURN_TYPE = YES_ERROR;
				GCC_WARN_UNDECLARED_SELECTOR = YES;
				GCC_WARN_UNINITIALIZED_AUTOS = YES_AGGRESSIVE;
				GCC_WARN_UNUSED_FUNCTION = YES;
				GCC_WARN_UNUSED_VARIABLE = YES;
				IPHONEOS_DEPLOYMENT_TARGET = 15.5;
				MTL_ENABLE_DEBUG_INFO = INCLUDE_SOURCE;
				MTL_FAST_MATH = YES;
				ONLY_ACTIVE_ARCH = YES;
				SDKROOT = iphoneos;
				SWIFT_ACTIVE_COMPILATION_CONDITIONS = DEBUG;
				SWIFT_OPTIMIZATION_LEVEL = "-Onone";
			};
			name = Debug;
		};
		DCBB2F382BFBCD7D0045F9FF /* Release */ = {
			isa = XCBuildConfiguration;
			buildSettings = {
				ALWAYS_SEARCH_USER_PATHS = NO;
				CLANG_ANALYZER_NONNULL = YES;
				CLANG_ANALYZER_NUMBER_OBJECT_CONVERSION = YES_AGGRESSIVE;
				CLANG_CXX_LANGUAGE_STANDARD = "gnu++17";
				CLANG_ENABLE_MODULES = YES;
				CLANG_ENABLE_OBJC_ARC = YES;
				CLANG_ENABLE_OBJC_WEAK = YES;
				CLANG_WARN_BLOCK_CAPTURE_AUTORELEASING = YES;
				CLANG_WARN_BOOL_CONVERSION = YES;
				CLANG_WARN_COMMA = YES;
				CLANG_WARN_CONSTANT_CONVERSION = YES;
				CLANG_WARN_DEPRECATED_OBJC_IMPLEMENTATIONS = YES;
				CLANG_WARN_DIRECT_OBJC_ISA_USAGE = YES_ERROR;
				CLANG_WARN_DOCUMENTATION_COMMENTS = YES;
				CLANG_WARN_EMPTY_BODY = YES;
				CLANG_WARN_ENUM_CONVERSION = YES;
				CLANG_WARN_INFINITE_RECURSION = YES;
				CLANG_WARN_INT_CONVERSION = YES;
				CLANG_WARN_NON_LITERAL_NULL_CONVERSION = YES;
				CLANG_WARN_OBJC_IMPLICIT_RETAIN_SELF = YES;
				CLANG_WARN_OBJC_LITERAL_CONVERSION = YES;
				CLANG_WARN_OBJC_ROOT_CLASS = YES_ERROR;
				CLANG_WARN_QUOTED_INCLUDE_IN_FRAMEWORK_HEADER = YES;
				CLANG_WARN_RANGE_LOOP_ANALYSIS = YES;
				CLANG_WARN_STRICT_PROTOTYPES = YES;
				CLANG_WARN_SUSPICIOUS_MOVE = YES;
				CLANG_WARN_UNGUARDED_AVAILABILITY = YES_AGGRESSIVE;
				CLANG_WARN_UNREACHABLE_CODE = YES;
				CLANG_WARN__DUPLICATE_METHOD_MATCH = YES;
				COPY_PHASE_STRIP = NO;
				DEBUG_INFORMATION_FORMAT = "dwarf-with-dsym";
				ENABLE_NS_ASSERTIONS = NO;
				ENABLE_STRICT_OBJC_MSGSEND = YES;
				GCC_C_LANGUAGE_STANDARD = gnu11;
				GCC_NO_COMMON_BLOCKS = YES;
				GCC_WARN_64_TO_32_BIT_CONVERSION = YES;
				GCC_WARN_ABOUT_RETURN_TYPE = YES_ERROR;
				GCC_WARN_UNDECLARED_SELECTOR = YES;
				GCC_WARN_UNINITIALIZED_AUTOS = YES_AGGRESSIVE;
				GCC_WARN_UNUSED_FUNCTION = YES;
				GCC_WARN_UNUSED_VARIABLE = YES;
				IPHONEOS_DEPLOYMENT_TARGET = 15.5;
				MTL_ENABLE_DEBUG_INFO = NO;
				MTL_FAST_MATH = YES;
				SDKROOT = iphoneos;
				SWIFT_COMPILATION_MODE = wholemodule;
				SWIFT_OPTIMIZATION_LEVEL = "-O";
				VALIDATE_PRODUCT = YES;
			};
			name = Release;
		};
		DCBB2F3A2BFBCD7D0045F9FF /* Debug */ = {
			isa = XCBuildConfiguration;
			buildSettings = {
				ASSETCATALOG_COMPILER_APPICON_NAME = AppIcon;
				ASSETCATALOG_COMPILER_GLOBAL_ACCENT_COLOR_NAME = AccentColor;
				CODE_SIGN_STYLE = Automatic;
				CURRENT_PROJECT_VERSION = 1;
				DEVELOPMENT_TEAM = CC65D6HYCL;
				GENERATE_INFOPLIST_FILE = YES;
				INFOPLIST_FILE = NoaSnapchat/Info.plist;
				INFOPLIST_KEY_UIApplicationSupportsIndirectInputEvents = YES;
				INFOPLIST_KEY_UILaunchStoryboardName = LaunchScreen;
				INFOPLIST_KEY_UIMainStoryboardFile = Main;
				INFOPLIST_KEY_UISupportedInterfaceOrientations_iPad = "UIInterfaceOrientationPortrait UIInterfaceOrientationPortraitUpsideDown UIInterfaceOrientationLandscapeLeft UIInterfaceOrientationLandscapeRight";
				INFOPLIST_KEY_UISupportedInterfaceOrientations_iPhone = "UIInterfaceOrientationPortrait UIInterfaceOrientationLandscapeLeft UIInterfaceOrientationLandscapeRight";
				LD_RUNPATH_SEARCH_PATHS = (
					"$(inherited)",
					"@executable_path/Frameworks",
				);
				MARKETING_VERSION = 1.0;
				PRODUCT_BUNDLE_IDENTIFIER = com.miempresa.NoaSnapchat;
				PRODUCT_NAME = "$(TARGET_NAME)";
				SWIFT_EMIT_LOC_STRINGS = YES;
				SWIFT_VERSION = 5.0;
				TARGETED_DEVICE_FAMILY = "1,2";
			};
			name = Debug;
		};
		DCBB2F3B2BFBCD7D0045F9FF /* Release */ = {
			isa = XCBuildConfiguration;
			buildSettings = {
				ASSETCATALOG_COMPILER_APPICON_NAME = AppIcon;
				ASSETCATALOG_COMPILER_GLOBAL_ACCENT_COLOR_NAME = AccentColor;
				CODE_SIGN_STYLE = Automatic;
				CURRENT_PROJECT_VERSION = 1;
				DEVELOPMENT_TEAM = CC65D6HYCL;
				GENERATE_INFOPLIST_FILE = YES;
				INFOPLIST_FILE = NoaSnapchat/Info.plist;
				INFOPLIST_KEY_UIApplicationSupportsIndirectInputEvents = YES;
				INFOPLIST_KEY_UILaunchStoryboardName = LaunchScreen;
				INFOPLIST_KEY_UIMainStoryboardFile = Main;
				INFOPLIST_KEY_UISupportedInterfaceOrientations_iPad = "UIInterfaceOrientationPortrait UIInterfaceOrientationPortraitUpsideDown UIInterfaceOrientationLandscapeLeft UIInterfaceOrientationLandscapeRight";
				INFOPLIST_KEY_UISupportedInterfaceOrientations_iPhone = "UIInterfaceOrientationPortrait UIInterfaceOrientationLandscapeLeft UIInterfaceOrientationLandscapeRight";
				LD_RUNPATH_SEARCH_PATHS = (
					"$(inherited)",
					"@executable_path/Frameworks",
				);
				MARKETING_VERSION = 1.0;
				PRODUCT_BUNDLE_IDENTIFIER = com.miempresa.NoaSnapchat;
				PRODUCT_NAME = "$(TARGET_NAME)";
				SWIFT_EMIT_LOC_STRINGS = YES;
				SWIFT_VERSION = 5.0;
				TARGETED_DEVICE_FAMILY = "1,2";
			};
			name = Release;
		};
/* End XCBuildConfiguration section */

/* Begin XCConfigurationList section */
		DCBB2F202BFBCD770045F9FF /* Build configuration list for PBXProject "NoaSnapchat" */ = {
			isa = XCConfigurationList;
			buildConfigurations = (
				DCBB2F372BFBCD7D0045F9FF /* Debug */,
				DCBB2F382BFBCD7D0045F9FF /* Release */,
			);
			defaultConfigurationIsVisible = 0;
			defaultConfigurationName = Release;
		};
		DCBB2F392BFBCD7D0045F9FF /* Build configuration list for PBXNativeTarget "NoaSnapchat" */ = {
			isa = XCConfigurationList;
			buildConfigurations = (
				DCBB2F3A2BFBCD7D0045F9FF /* Debug */,
				DCBB2F3B2BFBCD7D0045F9FF /* Release */,
			);
			defaultConfigurationIsVisible = 0;
			defaultConfigurationName = Release;
		};
/* End XCConfigurationList section */

/* Begin XCRemoteSwiftPackageReference section */
		DCBB2F3E2BFBD2BC0045F9FF /* XCRemoteSwiftPackageReference "firebase-ios-sdk" */ = {
			isa = XCRemoteSwiftPackageReference;
			repositoryURL = "https://github.com/firebase/firebase-ios-sdk";
			requirement = {
				kind = upToNextMajorVersion;
				minimumVersion = 9.0.0;
			};
		};
		DCBE9F422BFBE294003B2710 /* XCRemoteSwiftPackageReference "GoogleSignIn-iOS" */ = {
			isa = XCRemoteSwiftPackageReference;
			repositoryURL = "https://github.com/google/GoogleSignIn-iOS";
			requirement = {
				kind = upToNextMajorVersion;
				minimumVersion = 7.0.0;
			};
		};
/* End XCRemoteSwiftPackageReference section */

/* Begin XCSwiftPackageProductDependency section */
		DCBB2F3F2BFBD2BC0045F9FF /* FirebaseAnalytics */ = {
			isa = XCSwiftPackageProductDependency;
			package = DCBB2F3E2BFBD2BC0045F9FF /* XCRemoteSwiftPackageReference "firebase-ios-sdk" */;
			productName = FirebaseAnalytics;
		};
		DCBB2F412BFBD2BC0045F9FF /* FirebaseAnalyticsOnDeviceConversion */ = {
			isa = XCSwiftPackageProductDependency;
			package = DCBB2F3E2BFBD2BC0045F9FF /* XCRemoteSwiftPackageReference "firebase-ios-sdk" */;
			productName = FirebaseAnalyticsOnDeviceConversion;
		};
		DCBB2F432BFBD2BC0045F9FF /* FirebaseAnalyticsSwift */ = {
			isa = XCSwiftPackageProductDependency;
			package = DCBB2F3E2BFBD2BC0045F9FF /* XCRemoteSwiftPackageReference "firebase-ios-sdk" */;
			productName = FirebaseAnalyticsSwift;
		};
		DCBB2F452BFBD2BC0045F9FF /* FirebaseAnalyticsWithoutAdIdSupport */ = {
			isa = XCSwiftPackageProductDependency;
			package = DCBB2F3E2BFBD2BC0045F9FF /* XCRemoteSwiftPackageReference "firebase-ios-sdk" */;
			productName = FirebaseAnalyticsWithoutAdIdSupport;
		};
		DCBB2F472BFBD2BC0045F9FF /* FirebaseAppCheck */ = {
			isa = XCSwiftPackageProductDependency;
			package = DCBB2F3E2BFBD2BC0045F9FF /* XCRemoteSwiftPackageReference "firebase-ios-sdk" */;
			productName = FirebaseAppCheck;
		};
		DCBB2F492BFBD2BC0045F9FF /* FirebaseAppDistribution-Beta */ = {
			isa = XCSwiftPackageProductDependency;
			package = DCBB2F3E2BFBD2BC0045F9FF /* XCRemoteSwiftPackageReference "firebase-ios-sdk" */;
			productName = "FirebaseAppDistribution-Beta";
		};
		DCBB2F4B2BFBD2BC0045F9FF /* FirebaseAuth */ = {
			isa = XCSwiftPackageProductDependency;
			package = DCBB2F3E2BFBD2BC0045F9FF /* XCRemoteSwiftPackageReference "firebase-ios-sdk" */;
			productName = FirebaseAuth;
		};
		DCBB2F4D2BFBD2BC0045F9FF /* FirebaseAuthCombine-Community */ = {
			isa = XCSwiftPackageProductDependency;
			package = DCBB2F3E2BFBD2BC0045F9FF /* XCRemoteSwiftPackageReference "firebase-ios-sdk" */;
			productName = "FirebaseAuthCombine-Community";
		};
		DCBB2F4F2BFBD2BC0045F9FF /* FirebaseCrashlytics */ = {
			isa = XCSwiftPackageProductDependency;
			package = DCBB2F3E2BFBD2BC0045F9FF /* XCRemoteSwiftPackageReference "firebase-ios-sdk" */;
			productName = FirebaseCrashlytics;
		};
		DCBB2F512BFBD2BC0045F9FF /* FirebaseDatabase */ = {
			isa = XCSwiftPackageProductDependency;
			package = DCBB2F3E2BFBD2BC0045F9FF /* XCRemoteSwiftPackageReference "firebase-ios-sdk" */;
			productName = FirebaseDatabase;
		};
		DCBB2F532BFBD2BC0045F9FF /* FirebaseDatabaseSwift */ = {
			isa = XCSwiftPackageProductDependency;
			package = DCBB2F3E2BFBD2BC0045F9FF /* XCRemoteSwiftPackageReference "firebase-ios-sdk" */;
			productName = FirebaseDatabaseSwift;
		};
		DCBB2F552BFBD2BC0045F9FF /* FirebaseDynamicLinks */ = {
			isa = XCSwiftPackageProductDependency;
			package = DCBB2F3E2BFBD2BC0045F9FF /* XCRemoteSwiftPackageReference "firebase-ios-sdk" */;
			productName = FirebaseDynamicLinks;
		};
		DCBB2F572BFBD2BC0045F9FF /* FirebaseFirestore */ = {
			isa = XCSwiftPackageProductDependency;
			package = DCBB2F3E2BFBD2BC0045F9FF /* XCRemoteSwiftPackageReference "firebase-ios-sdk" */;
			productName = FirebaseFirestore;
		};
		DCBB2F592BFBD2BC0045F9FF /* FirebaseFirestoreCombine-Community */ = {
			isa = XCSwiftPackageProductDependency;
			package = DCBB2F3E2BFBD2BC0045F9FF /* XCRemoteSwiftPackageReference "firebase-ios-sdk" */;
			productName = "FirebaseFirestoreCombine-Community";
		};
		DCBB2F5B2BFBD2BC0045F9FF /* FirebaseFirestoreSwift */ = {
			isa = XCSwiftPackageProductDependency;
			package = DCBB2F3E2BFBD2BC0045F9FF /* XCRemoteSwiftPackageReference "firebase-ios-sdk" */;
			productName = FirebaseFirestoreSwift;
		};
		DCBB2F5D2BFBD2BC0045F9FF /* FirebaseFunctions */ = {
			isa = XCSwiftPackageProductDependency;
			package = DCBB2F3E2BFBD2BC0045F9FF /* XCRemoteSwiftPackageReference "firebase-ios-sdk" */;
			productName = FirebaseFunctions;
		};
		DCBB2F5F2BFBD2BC0045F9FF /* FirebaseFunctionsCombine-Community */ = {
			isa = XCSwiftPackageProductDependency;
			package = DCBB2F3E2BFBD2BC0045F9FF /* XCRemoteSwiftPackageReference "firebase-ios-sdk" */;
			productName = "FirebaseFunctionsCombine-Community";
		};
		DCBB2F612BFBD2BC0045F9FF /* FirebaseInAppMessaging-Beta */ = {
			isa = XCSwiftPackageProductDependency;
			package = DCBB2F3E2BFBD2BC0045F9FF /* XCRemoteSwiftPackageReference "firebase-ios-sdk" */;
			productName = "FirebaseInAppMessaging-Beta";
		};
		DCBB2F632BFBD2BC0045F9FF /* FirebaseInAppMessagingSwift-Beta */ = {
			isa = XCSwiftPackageProductDependency;
			package = DCBB2F3E2BFBD2BC0045F9FF /* XCRemoteSwiftPackageReference "firebase-ios-sdk" */;
			productName = "FirebaseInAppMessagingSwift-Beta";
		};
		DCBB2F652BFBD2BC0045F9FF /* FirebaseInstallations */ = {
			isa = XCSwiftPackageProductDependency;
			package = DCBB2F3E2BFBD2BC0045F9FF /* XCRemoteSwiftPackageReference "firebase-ios-sdk" */;
			productName = FirebaseInstallations;
		};
		DCBB2F672BFBD2BC0045F9FF /* FirebaseMLModelDownloader */ = {
			isa = XCSwiftPackageProductDependency;
			package = DCBB2F3E2BFBD2BC0045F9FF /* XCRemoteSwiftPackageReference "firebase-ios-sdk" */;
			productName = FirebaseMLModelDownloader;
		};
		DCBB2F692BFBD2BC0045F9FF /* FirebaseMessaging */ = {
			isa = XCSwiftPackageProductDependency;
			package = DCBB2F3E2BFBD2BC0045F9FF /* XCRemoteSwiftPackageReference "firebase-ios-sdk" */;
			productName = FirebaseMessaging;
		};
		DCBB2F6B2BFBD2BC0045F9FF /* FirebasePerformance */ = {
			isa = XCSwiftPackageProductDependency;
			package = DCBB2F3E2BFBD2BC0045F9FF /* XCRemoteSwiftPackageReference "firebase-ios-sdk" */;
			productName = FirebasePerformance;
		};
		DCBB2F6D2BFBD2BC0045F9FF /* FirebaseRemoteConfig */ = {
			isa = XCSwiftPackageProductDependency;
			package = DCBB2F3E2BFBD2BC0045F9FF /* XCRemoteSwiftPackageReference "firebase-ios-sdk" */;
			productName = FirebaseRemoteConfig;
		};
		DCBB2F6F2BFBD2BC0045F9FF /* FirebaseRemoteConfigSwift */ = {
			isa = XCSwiftPackageProductDependency;
			package = DCBB2F3E2BFBD2BC0045F9FF /* XCRemoteSwiftPackageReference "firebase-ios-sdk" */;
			productName = FirebaseRemoteConfigSwift;
		};
		DCBB2F712BFBD2BC0045F9FF /* FirebaseStorage */ = {
			isa = XCSwiftPackageProductDependency;
			package = DCBB2F3E2BFBD2BC0045F9FF /* XCRemoteSwiftPackageReference "firebase-ios-sdk" */;
			productName = FirebaseStorage;
		};
		DCBB2F732BFBD2BC0045F9FF /* FirebaseStorageCombine-Community */ = {
			isa = XCSwiftPackageProductDependency;
			package = DCBB2F3E2BFBD2BC0045F9FF /* XCRemoteSwiftPackageReference "firebase-ios-sdk" */;
			productName = "FirebaseStorageCombine-Community";
		};
		DCBE9F432BFBE294003B2710 /* GoogleSignIn */ = {
			isa = XCSwiftPackageProductDependency;
			package = DCBE9F422BFBE294003B2710 /* XCRemoteSwiftPackageReference "GoogleSignIn-iOS" */;
			productName = GoogleSignIn;
		};
		DCBE9F452BFBE294003B2710 /* GoogleSignInSwift */ = {
			isa = XCSwiftPackageProductDependency;
			package = DCBE9F422BFBE294003B2710 /* XCRemoteSwiftPackageReference "GoogleSignIn-iOS" */;
			productName = GoogleSignInSwift;
		};
/* End XCSwiftPackageProductDependency section */
	};
	rootObject = DCBB2F1D2BFBCD770045F9FF /* Project object */;
}
