// !$*UTF8*$!
{
	archiveVersion = 1;
	classes = {
	};
	objectVersion = 55;
	objects = {

/* Begin PBXBuildFile section */
		DC362E862C0BC62300A13B44 /* ElegirUsuarioViewController.swift in Sources */ = {isa = PBXBuildFile; fileRef = DC362E852C0BC62300A13B44 /* ElegirUsuarioViewController.swift */; };
		DC362E8A2C0BD06500A13B44 /* Usuario.swift in Sources */ = {isa = PBXBuildFile; fileRef = DC362E892C0BD06500A13B44 /* Usuario.swift */; };
		DC3B83FE2C050F4500E33EB5 /* SnapsViewController.swift in Sources */ = {isa = PBXBuildFile; fileRef = DC3B83FD2C050F4500E33EB5 /* SnapsViewController.swift */; };
		DC3B84022C05179900E33EB5 /* ImagenViewController.swift in Sources */ = {isa = PBXBuildFile; fileRef = DC3B84012C05179800E33EB5 /* ImagenViewController.swift */; };
		DC7698472BFBE4E2008DC6A9 /* GoogleService-Info.plist in Resources */ = {isa = PBXBuildFile; fileRef = DC7698462BFBE4E2008DC6A9 /* GoogleService-Info.plist */; };
		DCBB2F292BFBCD770045F9FF /* AppDelegate.swift in Sources */ = {isa = PBXBuildFile; fileRef = DCBB2F282BFBCD770045F9FF /* AppDelegate.swift */; };
		DCBB2F2B2BFBCD770045F9FF /* SceneDelegate.swift in Sources */ = {isa = PBXBuildFile; fileRef = DCBB2F2A2BFBCD770045F9FF /* SceneDelegate.swift */; };
		DCBB2F2D2BFBCD770045F9FF /* iniciarSesionViewController.swift in Sources */ = {isa = PBXBuildFile; fileRef = DCBB2F2C2BFBCD770045F9FF /* iniciarSesionViewController.swift */; };
		DCBB2F302BFBCD770045F9FF /* Main.storyboard in Resources */ = {isa = PBXBuildFile; fileRef = DCBB2F2E2BFBCD770045F9FF /* Main.storyboard */; };
		DCBB2F322BFBCD7D0045F9FF /* Assets.xcassets in Resources */ = {isa = PBXBuildFile; fileRef = DCBB2F312BFBCD7D0045F9FF /* Assets.xcassets */; };
		DCBB2F352BFBCD7D0045F9FF /* LaunchScreen.storyboard in Resources */ = {isa = PBXBuildFile; fileRef = DCBB2F332BFBCD7D0045F9FF /* LaunchScreen.storyboard */; };
		DCFA1CAD2C0E4AB500E7FD5F /* FirebaseAnalytics in Frameworks */ = {isa = PBXBuildFile; productRef = DCFA1CAC2C0E4AB500E7FD5F /* FirebaseAnalytics */; };
		DCFA1CAF2C0E4AB500E7FD5F /* FirebaseAnalyticsOnDeviceConversion in Frameworks */ = {isa = PBXBuildFile; productRef = DCFA1CAE2C0E4AB500E7FD5F /* FirebaseAnalyticsOnDeviceConversion */; };
		DCFA1CB12C0E4AB500E7FD5F /* FirebaseAnalyticsSwift in Frameworks */ = {isa = PBXBuildFile; productRef = DCFA1CB02C0E4AB500E7FD5F /* FirebaseAnalyticsSwift */; };
		DCFA1CB32C0E4AB500E7FD5F /* FirebaseAnalyticsWithoutAdIdSupport in Frameworks */ = {isa = PBXBuildFile; productRef = DCFA1CB22C0E4AB500E7FD5F /* FirebaseAnalyticsWithoutAdIdSupport */; };
		DCFA1CB52C0E4AB500E7FD5F /* FirebaseAuth in Frameworks */ = {isa = PBXBuildFile; productRef = DCFA1CB42C0E4AB500E7FD5F /* FirebaseAuth */; };
		DCFA1CB72C0E4AB500E7FD5F /* FirebaseAuthCombine-Community in Frameworks */ = {isa = PBXBuildFile; productRef = DCFA1CB62C0E4AB500E7FD5F /* FirebaseAuthCombine-Community */; };
		DCFA1CB92C0E4AB500E7FD5F /* FirebaseCrashlytics in Frameworks */ = {isa = PBXBuildFile; productRef = DCFA1CB82C0E4AB500E7FD5F /* FirebaseCrashlytics */; };
		DCFA1CBB2C0E4AB500E7FD5F /* FirebaseDatabase in Frameworks */ = {isa = PBXBuildFile; productRef = DCFA1CBA2C0E4AB500E7FD5F /* FirebaseDatabase */; };
		DCFA1CBD2C0E4AB500E7FD5F /* FirebaseDatabaseSwift in Frameworks */ = {isa = PBXBuildFile; productRef = DCFA1CBC2C0E4AB500E7FD5F /* FirebaseDatabaseSwift */; };
		DCFA1CBF2C0E4AB500E7FD5F /* FirebaseFirestore in Frameworks */ = {isa = PBXBuildFile; productRef = DCFA1CBE2C0E4AB500E7FD5F /* FirebaseFirestore */; };
		DCFA1CC12C0E4AB500E7FD5F /* FirebaseFirestoreCombine-Community in Frameworks */ = {isa = PBXBuildFile; productRef = DCFA1CC02C0E4AB500E7FD5F /* FirebaseFirestoreCombine-Community */; };
		DCFA1CC32C0E4AB500E7FD5F /* FirebaseFirestoreSwift in Frameworks */ = {isa = PBXBuildFile; productRef = DCFA1CC22C0E4AB500E7FD5F /* FirebaseFirestoreSwift */; };
		DCFA1CC52C0E4AB500E7FD5F /* FirebaseInstallations in Frameworks */ = {isa = PBXBuildFile; productRef = DCFA1CC42C0E4AB500E7FD5F /* FirebaseInstallations */; };
		DCFA1CC72C0E4AB500E7FD5F /* FirebaseStorage in Frameworks */ = {isa = PBXBuildFile; productRef = DCFA1CC62C0E4AB500E7FD5F /* FirebaseStorage */; };
		DCFA1CC92C0E4AB500E7FD5F /* FirebaseStorageCombine-Community in Frameworks */ = {isa = PBXBuildFile; productRef = DCFA1CC82C0E4AB500E7FD5F /* FirebaseStorageCombine-Community */; };
		DCFA1CCB2C0E552900E7FD5F /* Snap.swift in Sources */ = {isa = PBXBuildFile; fileRef = DCFA1CCA2C0E552900E7FD5F /* Snap.swift */; };
		DCFA1CCD2C0E679D00E7FD5F /* VerSnapViewController.swift in Sources */ = {isa = PBXBuildFile; fileRef = DCFA1CCC2C0E679D00E7FD5F /* VerSnapViewController.swift */; };
/* End PBXBuildFile section */

/* Begin PBXFileReference section */
		DC362E852C0BC62300A13B44 /* ElegirUsuarioViewController.swift */ = {isa = PBXFileReference; lastKnownFileType = sourcecode.swift; path = ElegirUsuarioViewController.swift; sourceTree = "<group>"; };
		DC362E892C0BD06500A13B44 /* Usuario.swift */ = {isa = PBXFileReference; lastKnownFileType = sourcecode.swift; path = Usuario.swift; sourceTree = "<group>"; };
		DC3B83FD2C050F4500E33EB5 /* SnapsViewController.swift */ = {isa = PBXFileReference; lastKnownFileType = sourcecode.swift; path = SnapsViewController.swift; sourceTree = "<group>"; };
		DC3B84012C05179800E33EB5 /* ImagenViewController.swift */ = {isa = PBXFileReference; lastKnownFileType = sourcecode.swift; path = ImagenViewController.swift; sourceTree = "<group>"; };
		DC7698462BFBE4E2008DC6A9 /* GoogleService-Info.plist */ = {isa = PBXFileReference; fileEncoding = 4; lastKnownFileType = text.plist.xml; path = "GoogleService-Info.plist"; sourceTree = "<group>"; };
		DCBB2F252BFBCD770045F9FF /* NoaSnapchat.app */ = {isa = PBXFileReference; explicitFileType = wrapper.application; includeInIndex = 0; path = NoaSnapchat.app; sourceTree = BUILT_PRODUCTS_DIR; };
		DCBB2F282BFBCD770045F9FF /* AppDelegate.swift */ = {isa = PBXFileReference; lastKnownFileType = sourcecode.swift; path = AppDelegate.swift; sourceTree = "<group>"; };
		DCBB2F2A2BFBCD770045F9FF /* SceneDelegate.swift */ = {isa = PBXFileReference; lastKnownFileType = sourcecode.swift; path = SceneDelegate.swift; sourceTree = "<group>"; };
		DCBB2F2C2BFBCD770045F9FF /* iniciarSesionViewController.swift */ = {isa = PBXFileReference; lastKnownFileType = sourcecode.swift; path = iniciarSesionViewController.swift; sourceTree = "<group>"; };
		DCBB2F2F2BFBCD770045F9FF /* Base */ = {isa = PBXFileReference; lastKnownFileType = file.storyboard; name = Base; path = Base.lproj/Main.storyboard; sourceTree = "<group>"; };
		DCBB2F312BFBCD7D0045F9FF /* Assets.xcassets */ = {isa = PBXFileReference; lastKnownFileType = folder.assetcatalog; path = Assets.xcassets; sourceTree = "<group>"; };
		DCBB2F342BFBCD7D0045F9FF /* Base */ = {isa = PBXFileReference; lastKnownFileType = file.storyboard; name = Base; path = Base.lproj/LaunchScreen.storyboard; sourceTree = "<group>"; };
		DCBB2F362BFBCD7D0045F9FF /* Info.plist */ = {isa = PBXFileReference; lastKnownFileType = text.plist.xml; path = Info.plist; sourceTree = "<group>"; };
		DCFA1CCA2C0E552900E7FD5F /* Snap.swift */ = {isa = PBXFileReference; lastKnownFileType = sourcecode.swift; path = Snap.swift; sourceTree = "<group>"; };
		DCFA1CCC2C0E679D00E7FD5F /* VerSnapViewController.swift */ = {isa = PBXFileReference; lastKnownFileType = sourcecode.swift; path = VerSnapViewController.swift; sourceTree = "<group>"; };
/* End PBXFileReference section */

/* Begin PBXFrameworksBuildPhase section */
		DCBB2F222BFBCD770045F9FF /* Frameworks */ = {
			isa = PBXFrameworksBuildPhase;
			buildActionMask = 2147483647;
			files = (
				DCFA1CB12C0E4AB500E7FD5F /* FirebaseAnalyticsSwift in Frameworks */,
				DCFA1CB72C0E4AB500E7FD5F /* FirebaseAuthCombine-Community in Frameworks */,
				DCFA1CC52C0E4AB500E7FD5F /* FirebaseInstallations in Frameworks */,
				DCFA1CB52C0E4AB500E7FD5F /* FirebaseAuth in Frameworks */,
				DCFA1CBF2C0E4AB500E7FD5F /* FirebaseFirestore in Frameworks */,
				DCFA1CBD2C0E4AB500E7FD5F /* FirebaseDatabaseSwift in Frameworks */,
				DCFA1CC12C0E4AB500E7FD5F /* FirebaseFirestoreCombine-Community in Frameworks */,
				DCFA1CC92C0E4AB500E7FD5F /* FirebaseStorageCombine-Community in Frameworks */,
				DCFA1CB92C0E4AB500E7FD5F /* FirebaseCrashlytics in Frameworks */,
				DCFA1CAD2C0E4AB500E7FD5F /* FirebaseAnalytics in Frameworks */,
				DCFA1CAF2C0E4AB500E7FD5F /* FirebaseAnalyticsOnDeviceConversion in Frameworks */,
				DCFA1CBB2C0E4AB500E7FD5F /* FirebaseDatabase in Frameworks */,
				DCFA1CC72C0E4AB500E7FD5F /* FirebaseStorage in Frameworks */,
				DCFA1CB32C0E4AB500E7FD5F /* FirebaseAnalyticsWithoutAdIdSupport in Frameworks */,
				DCFA1CC32C0E4AB500E7FD5F /* FirebaseFirestoreSwift in Frameworks */,
			);
			runOnlyForDeploymentPostprocessing = 0;
		};
/* End PBXFrameworksBuildPhase section */

/* Begin PBXGroup section */
		DC362E872C0BCFBB00A13B44 /* ViewControllers */ = {
			isa = PBXGroup;
			children = (
				DC362E852C0BC62300A13B44 /* ElegirUsuarioViewController.swift */,
				DCBB2F2C2BFBCD770045F9FF /* iniciarSesionViewController.swift */,
				DC3B83FD2C050F4500E33EB5 /* SnapsViewController.swift */,
				DC3B84012C05179800E33EB5 /* ImagenViewController.swift */,
				DCFA1CCC2C0E679D00E7FD5F /* VerSnapViewController.swift */,
			);
			path = ViewControllers;
			sourceTree = "<group>";
		};
		DC362E882C0BD01A00A13B44 /* Modelos */ = {
			isa = PBXGroup;
			children = (
				DC362E892C0BD06500A13B44 /* Usuario.swift */,
				DCFA1CCA2C0E552900E7FD5F /* Snap.swift */,
			);
			path = Modelos;
			sourceTree = "<group>";
		};
		DCBB2F1C2BFBCD770045F9FF = {
			isa = PBXGroup;
			children = (
				DCBB2F272BFBCD770045F9FF /* NoaSnapchat */,
				DCBB2F262BFBCD770045F9FF /* Products */,
			);
			sourceTree = "<group>";
		};
		DCBB2F262BFBCD770045F9FF /* Products */ = {
			isa = PBXGroup;
			children = (
				DCBB2F252BFBCD770045F9FF /* NoaSnapchat.app */,
			);
			name = Products;
			sourceTree = "<group>";
		};
		DCBB2F272BFBCD770045F9FF /* NoaSnapchat */ = {
			isa = PBXGroup;
			children = (
				DC362E882C0BD01A00A13B44 /* Modelos */,
				DC362E872C0BCFBB00A13B44 /* ViewControllers */,
				DCBB2F282BFBCD770045F9FF /* AppDelegate.swift */,
				DCBB2F2A2BFBCD770045F9FF /* SceneDelegate.swift */,
				DCBB2F2E2BFBCD770045F9FF /* Main.storyboard */,
				DCBB2F312BFBCD7D0045F9FF /* Assets.xcassets */,
				DCBB2F332BFBCD7D0045F9FF /* LaunchScreen.storyboard */,
				DCBB2F362BFBCD7D0045F9FF /* Info.plist */,
				DC7698462BFBE4E2008DC6A9 /* GoogleService-Info.plist */,
			);
			path = NoaSnapchat;
			sourceTree = "<group>";
		};
/* End PBXGroup section */

/* Begin PBXNativeTarget section */
		DCBB2F242BFBCD770045F9FF /* NoaSnapchat */ = {
			isa = PBXNativeTarget;
			buildConfigurationList = DCBB2F392BFBCD7D0045F9FF /* Build configuration list for PBXNativeTarget "NoaSnapchat" */;
			buildPhases = (
				DCBB2F212BFBCD770045F9FF /* Sources */,
				DCBB2F222BFBCD770045F9FF /* Frameworks */,
				DCBB2F232BFBCD770045F9FF /* Resources */,
			);
			buildRules = (
			);
			dependencies = (
			);
			name = NoaSnapchat;
			packageProductDependencies = (
				DCFA1CAC2C0E4AB500E7FD5F /* FirebaseAnalytics */,
				DCFA1CAE2C0E4AB500E7FD5F /* FirebaseAnalyticsOnDeviceConversion */,
				DCFA1CB02C0E4AB500E7FD5F /* FirebaseAnalyticsSwift */,
				DCFA1CB22C0E4AB500E7FD5F /* FirebaseAnalyticsWithoutAdIdSupport */,
				DCFA1CB42C0E4AB500E7FD5F /* FirebaseAuth */,
				DCFA1CB62C0E4AB500E7FD5F /* FirebaseAuthCombine-Community */,
				DCFA1CB82C0E4AB500E7FD5F /* FirebaseCrashlytics */,
				DCFA1CBA2C0E4AB500E7FD5F /* FirebaseDatabase */,
				DCFA1CBC2C0E4AB500E7FD5F /* FirebaseDatabaseSwift */,
				DCFA1CBE2C0E4AB500E7FD5F /* FirebaseFirestore */,
				DCFA1CC02C0E4AB500E7FD5F /* FirebaseFirestoreCombine-Community */,
				DCFA1CC22C0E4AB500E7FD5F /* FirebaseFirestoreSwift */,
				DCFA1CC42C0E4AB500E7FD5F /* FirebaseInstallations */,
				DCFA1CC62C0E4AB500E7FD5F /* FirebaseStorage */,
				DCFA1CC82C0E4AB500E7FD5F /* FirebaseStorageCombine-Community */,
			);
			productName = NoaSnapchat;
			productReference = DCBB2F252BFBCD770045F9FF /* NoaSnapchat.app */;
			productType = "com.apple.product-type.application";
		};
/* End PBXNativeTarget section */

/* Begin PBXProject section */
		DCBB2F1D2BFBCD770045F9FF /* Project object */ = {
			isa = PBXProject;
			attributes = {
				BuildIndependentTargetsInParallel = 1;
				LastSwiftUpdateCheck = 1340;
				LastUpgradeCheck = 1340;
				TargetAttributes = {
					DCBB2F242BFBCD770045F9FF = {
						CreatedOnToolsVersion = 13.4.1;
					};
				};
			};
			buildConfigurationList = DCBB2F202BFBCD770045F9FF /* Build configuration list for PBXProject "NoaSnapchat" */;
			compatibilityVersion = "Xcode 13.0";
			developmentRegion = en;
			hasScannedForEncodings = 0;
			knownRegions = (
				en,
				Base,
			);
			mainGroup = DCBB2F1C2BFBCD770045F9FF;
			packageReferences = (
				DCFA1CAB2C0E4AB500E7FD5F /* XCRemoteSwiftPackageReference "firebase-ios-sdk" */,
			);
			productRefGroup = DCBB2F262BFBCD770045F9FF /* Products */;
			projectDirPath = "";
			projectRoot = "";
			targets = (
				DCBB2F242BFBCD770045F9FF /* NoaSnapchat */,
			);
		};
/* End PBXProject section */

/* Begin PBXResourcesBuildPhase section */
		DCBB2F232BFBCD770045F9FF /* Resources */ = {
			isa = PBXResourcesBuildPhase;
			buildActionMask = 2147483647;
			files = (
				DC7698472BFBE4E2008DC6A9 /* GoogleService-Info.plist in Resources */,
				DCBB2F352BFBCD7D0045F9FF /* LaunchScreen.storyboard in Resources */,
				DCBB2F322BFBCD7D0045F9FF /* Assets.xcassets in Resources */,
				DCBB2F302BFBCD770045F9FF /* Main.storyboard in Resources */,
			);
			runOnlyForDeploymentPostprocessing = 0;
		};
/* End PBXResourcesBuildPhase section */

/* Begin PBXSourcesBuildPhase section */
		DCBB2F212BFBCD770045F9FF /* Sources */ = {
			isa = PBXSourcesBuildPhase;
			buildActionMask = 2147483647;
			files = (
				DC3B83FE2C050F4500E33EB5 /* SnapsViewController.swift in Sources */,
				DC3B84022C05179900E33EB5 /* ImagenViewController.swift in Sources */,
				DC362E8A2C0BD06500A13B44 /* Usuario.swift in Sources */,
				DCBB2F2D2BFBCD770045F9FF /* iniciarSesionViewController.swift in Sources */,
				DCFA1CCD2C0E679D00E7FD5F /* VerSnapViewController.swift in Sources */,
				DCBB2F292BFBCD770045F9FF /* AppDelegate.swift in Sources */,
				DCBB2F2B2BFBCD770045F9FF /* SceneDelegate.swift in Sources */,
				DC362E862C0BC62300A13B44 /* ElegirUsuarioViewController.swift in Sources */,
				DCFA1CCB2C0E552900E7FD5F /* Snap.swift in Sources */,
			);
			runOnlyForDeploymentPostprocessing = 0;
		};
/* End PBXSourcesBuildPhase section */

/* Begin PBXVariantGroup section */
		DCBB2F2E2BFBCD770045F9FF /* Main.storyboard */ = {
			isa = PBXVariantGroup;
			children = (
				DCBB2F2F2BFBCD770045F9FF /* Base */,
			);
			name = Main.storyboard;
			sourceTree = "<group>";
		};
		DCBB2F332BFBCD7D0045F9FF /* LaunchScreen.storyboard */ = {
			isa = PBXVariantGroup;
			children = (
				DCBB2F342BFBCD7D0045F9FF /* Base */,
			);
			name = LaunchScreen.storyboard;
			sourceTree = "<group>";
		};
/* End PBXVariantGroup section */

/* Begin XCBuildConfiguration section */
		DCBB2F372BFBCD7D0045F9FF /* Debug */ = {
			isa = XCBuildConfiguration;
			buildSettings = {
				ALWAYS_SEARCH_USER_PATHS = NO;
				CLANG_ANALYZER_NONNULL = YES;
				CLANG_ANALYZER_NUMBER_OBJECT_CONVERSION = YES_AGGRESSIVE;
				CLANG_CXX_LANGUAGE_STANDARD = "gnu++17";
				CLANG_ENABLE_MODULES = YES;
				CLANG_ENABLE_OBJC_ARC = YES;
				CLANG_ENABLE_OBJC_WEAK = YES;
				CLANG_WARN_BLOCK_CAPTURE_AUTORELEASING = YES;
				CLANG_WARN_BOOL_CONVERSION = YES;
				CLANG_WARN_COMMA = YES;
				CLANG_WARN_CONSTANT_CONVERSION = YES;
				CLANG_WARN_DEPRECATED_OBJC_IMPLEMENTATIONS = YES;
				CLANG_WARN_DIRECT_OBJC_ISA_USAGE = YES_ERROR;
				CLANG_WARN_DOCUMENTATION_COMMENTS = YES;
				CLANG_WARN_EMPTY_BODY = YES;
				CLANG_WARN_ENUM_CONVERSION = YES;
				CLANG_WARN_INFINITE_RECURSION = YES;
				CLANG_WARN_INT_CONVERSION = YES;
				CLANG_WARN_NON_LITERAL_NULL_CONVERSION = YES;
				CLANG_WARN_OBJC_IMPLICIT_RETAIN_SELF = YES;
				CLANG_WARN_OBJC_LITERAL_CONVERSION = YES;
				CLANG_WARN_OBJC_ROOT_CLASS = YES_ERROR;
				CLANG_WARN_QUOTED_INCLUDE_IN_FRAMEWORK_HEADER = YES;
				CLANG_WARN_RANGE_LOOP_ANALYSIS = YES;
				CLANG_WARN_STRICT_PROTOTYPES = YES;
				CLANG_WARN_SUSPICIOUS_MOVE = YES;
				CLANG_WARN_UNGUARDED_AVAILABILITY = YES_AGGRESSIVE;
				CLANG_WARN_UNREACHABLE_CODE = YES;
				CLANG_WARN__DUPLICATE_METHOD_MATCH = YES;
				COPY_PHASE_STRIP = NO;
				DEBUG_INFORMATION_FORMAT = dwarf;
				ENABLE_STRICT_OBJC_MSGSEND = YES;
				ENABLE_TESTABILITY = YES;
				GCC_C_LANGUAGE_STANDARD = gnu11;
				GCC_DYNAMIC_NO_PIC = NO;
				GCC_NO_COMMON_BLOCKS = YES;
				GCC_OPTIMIZATION_LEVEL = 0;
				GCC_PREPROCESSOR_DEFINITIONS = (
					"DEBUG=1",
					"$(inherited)",
				);
				GCC_WARN_64_TO_32_BIT_CONVERSION = YES;
				GCC_WARN_ABOUT_RETURN_TYPE = YES_ERROR;
				GCC_WARN_UNDECLARED_SELECTOR = YES;
				GCC_WARN_UNINITIALIZED_AUTOS = YES_AGGRESSIVE;
				GCC_WARN_UNUSED_FUNCTION = YES;
				GCC_WARN_UNUSED_VARIABLE = YES;
				IPHONEOS_DEPLOYMENT_TARGET = 15.5;
				MTL_ENABLE_DEBUG_INFO = INCLUDE_SOURCE;
				MTL_FAST_MATH = YES;
				ONLY_ACTIVE_ARCH = YES;
				SDKROOT = iphoneos;
				SWIFT_ACTIVE_COMPILATION_CONDITIONS = DEBUG;
				SWIFT_OPTIMIZATION_LEVEL = "-Onone";
			};
			name = Debug;
		};
		DCBB2F382BFBCD7D0045F9FF /* Release */ = {
			isa = XCBuildConfiguration;
			buildSettings = {
				ALWAYS_SEARCH_USER_PATHS = NO;
				CLANG_ANALYZER_NONNULL = YES;
				CLANG_ANALYZER_NUMBER_OBJECT_CONVERSION = YES_AGGRESSIVE;
				CLANG_CXX_LANGUAGE_STANDARD = "gnu++17";
				CLANG_ENABLE_MODULES = YES;
				CLANG_ENABLE_OBJC_ARC = YES;
				CLANG_ENABLE_OBJC_WEAK = YES;
				CLANG_WARN_BLOCK_CAPTURE_AUTORELEASING = YES;
				CLANG_WARN_BOOL_CONVERSION = YES;
				CLANG_WARN_COMMA = YES;
				CLANG_WARN_CONSTANT_CONVERSION = YES;
				CLANG_WARN_DEPRECATED_OBJC_IMPLEMENTATIONS = YES;
				CLANG_WARN_DIRECT_OBJC_ISA_USAGE = YES_ERROR;
				CLANG_WARN_DOCUMENTATION_COMMENTS = YES;
				CLANG_WARN_EMPTY_BODY = YES;
				CLANG_WARN_ENUM_CONVERSION = YES;
				CLANG_WARN_INFINITE_RECURSION = YES;
				CLANG_WARN_INT_CONVERSION = YES;
				CLANG_WARN_NON_LITERAL_NULL_CONVERSION = YES;
				CLANG_WARN_OBJC_IMPLICIT_RETAIN_SELF = YES;
				CLANG_WARN_OBJC_LITERAL_CONVERSION = YES;
				CLANG_WARN_OBJC_ROOT_CLASS = YES_ERROR;
				CLANG_WARN_QUOTED_INCLUDE_IN_FRAMEWORK_HEADER = YES;
				CLANG_WARN_RANGE_LOOP_ANALYSIS = YES;
				CLANG_WARN_STRICT_PROTOTYPES = YES;
				CLANG_WARN_SUSPICIOUS_MOVE = YES;
				CLANG_WARN_UNGUARDED_AVAILABILITY = YES_AGGRESSIVE;
				CLANG_WARN_UNREACHABLE_CODE = YES;
				CLANG_WARN__DUPLICATE_METHOD_MATCH = YES;
				COPY_PHASE_STRIP = NO;
				DEBUG_INFORMATION_FORMAT = "dwarf-with-dsym";
				ENABLE_NS_ASSERTIONS = NO;
				ENABLE_STRICT_OBJC_MSGSEND = YES;
				GCC_C_LANGUAGE_STANDARD = gnu11;
				GCC_NO_COMMON_BLOCKS = YES;
				GCC_WARN_64_TO_32_BIT_CONVERSION = YES;
				GCC_WARN_ABOUT_RETURN_TYPE = YES_ERROR;
				GCC_WARN_UNDECLARED_SELECTOR = YES;
				GCC_WARN_UNINITIALIZED_AUTOS = YES_AGGRESSIVE;
				GCC_WARN_UNUSED_FUNCTION = YES;
				GCC_WARN_UNUSED_VARIABLE = YES;
				IPHONEOS_DEPLOYMENT_TARGET = 15.5;
				MTL_ENABLE_DEBUG_INFO = NO;
				MTL_FAST_MATH = YES;
				SDKROOT = iphoneos;
				SWIFT_COMPILATION_MODE = wholemodule;
				SWIFT_OPTIMIZATION_LEVEL = "-O";
				VALIDATE_PRODUCT = YES;
			};
			name = Release;
		};
		DCBB2F3A2BFBCD7D0045F9FF /* Debug */ = {
			isa = XCBuildConfiguration;
			buildSettings = {
				ASSETCATALOG_COMPILER_APPICON_NAME = AppIcon;
				ASSETCATALOG_COMPILER_GLOBAL_ACCENT_COLOR_NAME = AccentColor;
				CODE_SIGN_STYLE = Automatic;
				CURRENT_PROJECT_VERSION = 1;
				DEVELOPMENT_TEAM = CC65D6HYCL;
				GENERATE_INFOPLIST_FILE = YES;
				INFOPLIST_FILE = NoaSnapchat/Info.plist;
				INFOPLIST_KEY_UIApplicationSupportsIndirectInputEvents = YES;
				INFOPLIST_KEY_UILaunchStoryboardName = LaunchScreen;
				INFOPLIST_KEY_UIMainStoryboardFile = Main;
				INFOPLIST_KEY_UISupportedInterfaceOrientations_iPad = "UIInterfaceOrientationPortrait UIInterfaceOrientationPortraitUpsideDown UIInterfaceOrientationLandscapeLeft UIInterfaceOrientationLandscapeRight";
				INFOPLIST_KEY_UISupportedInterfaceOrientations_iPhone = "UIInterfaceOrientationPortrait UIInterfaceOrientationLandscapeLeft UIInterfaceOrientationLandscapeRight";
				LD_RUNPATH_SEARCH_PATHS = (
					"$(inherited)",
					"@executable_path/Frameworks",
				);
				MARKETING_VERSION = 1.0;
				PRODUCT_BUNDLE_IDENTIFIER = com.miempresa.NoaSnapchat;
				PRODUCT_NAME = "$(TARGET_NAME)";
				SWIFT_EMIT_LOC_STRINGS = YES;
				SWIFT_VERSION = 5.0;
				TARGETED_DEVICE_FAMILY = "1,2";
			};
			name = Debug;
		};
		DCBB2F3B2BFBCD7D0045F9FF /* Release */ = {
			isa = XCBuildConfiguration;
			buildSettings = {
				ASSETCATALOG_COMPILER_APPICON_NAME = AppIcon;
				ASSETCATALOG_COMPILER_GLOBAL_ACCENT_COLOR_NAME = AccentColor;
				CODE_SIGN_STYLE = Automatic;
				CURRENT_PROJECT_VERSION = 1;
				DEVELOPMENT_TEAM = CC65D6HYCL;
				GENERATE_INFOPLIST_FILE = YES;
				INFOPLIST_FILE = NoaSnapchat/Info.plist;
				INFOPLIST_KEY_UIApplicationSupportsIndirectInputEvents = YES;
				INFOPLIST_KEY_UILaunchStoryboardName = LaunchScreen;
				INFOPLIST_KEY_UIMainStoryboardFile = Main;
				INFOPLIST_KEY_UISupportedInterfaceOrientations_iPad = "UIInterfaceOrientationPortrait UIInterfaceOrientationPortraitUpsideDown UIInterfaceOrientationLandscapeLeft UIInterfaceOrientationLandscapeRight";
				INFOPLIST_KEY_UISupportedInterfaceOrientations_iPhone = "UIInterfaceOrientationPortrait UIInterfaceOrientationLandscapeLeft UIInterfaceOrientationLandscapeRight";
				LD_RUNPATH_SEARCH_PATHS = (
					"$(inherited)",
					"@executable_path/Frameworks",
				);
				MARKETING_VERSION = 1.0;
				PRODUCT_BUNDLE_IDENTIFIER = com.miempresa.NoaSnapchat;
				PRODUCT_NAME = "$(TARGET_NAME)";
				SWIFT_EMIT_LOC_STRINGS = YES;
				SWIFT_VERSION = 5.0;
				TARGETED_DEVICE_FAMILY = "1,2";
			};
			name = Release;
		};
/* End XCBuildConfiguration section */

/* Begin XCConfigurationList section */
		DCBB2F202BFBCD770045F9FF /* Build configuration list for PBXProject "NoaSnapchat" */ = {
			isa = XCConfigurationList;
			buildConfigurations = (
				DCBB2F372BFBCD7D0045F9FF /* Debug */,
				DCBB2F382BFBCD7D0045F9FF /* Release */,
			);
			defaultConfigurationIsVisible = 0;
			defaultConfigurationName = Release;
		};
		DCBB2F392BFBCD7D0045F9FF /* Build configuration list for PBXNativeTarget "NoaSnapchat" */ = {
			isa = XCConfigurationList;
			buildConfigurations = (
				DCBB2F3A2BFBCD7D0045F9FF /* Debug */,
				DCBB2F3B2BFBCD7D0045F9FF /* Release */,
			);
			defaultConfigurationIsVisible = 0;
			defaultConfigurationName = Release;
		};
/* End XCConfigurationList section */

/* Begin XCRemoteSwiftPackageReference section */
		DCFA1CAB2C0E4AB500E7FD5F /* XCRemoteSwiftPackageReference "firebase-ios-sdk" */ = {
			isa = XCRemoteSwiftPackageReference;
			repositoryURL = "https://github.com/firebase/firebase-ios-sdk";
			requirement = {
				kind = exactVersion;
				version = 9.6.0;
			};
		};
/* End XCRemoteSwiftPackageReference section */

/* Begin XCSwiftPackageProductDependency section */
		DCFA1CAC2C0E4AB500E7FD5F /* FirebaseAnalytics */ = {
			isa = XCSwiftPackageProductDependency;
			package = DCFA1CAB2C0E4AB500E7FD5F /* XCRemoteSwiftPackageReference "firebase-ios-sdk" */;
			productName = FirebaseAnalytics;
		};
		DCFA1CAE2C0E4AB500E7FD5F /* FirebaseAnalyticsOnDeviceConversion */ = {
			isa = XCSwiftPackageProductDependency;
			package = DCFA1CAB2C0E4AB500E7FD5F /* XCRemoteSwiftPackageReference "firebase-ios-sdk" */;
			productName = FirebaseAnalyticsOnDeviceConversion;
		};
		DCFA1CB02C0E4AB500E7FD5F /* FirebaseAnalyticsSwift */ = {
			isa = XCSwiftPackageProductDependency;
			package = DCFA1CAB2C0E4AB500E7FD5F /* XCRemoteSwiftPackageReference "firebase-ios-sdk" */;
			productName = FirebaseAnalyticsSwift;
		};
		DCFA1CB22C0E4AB500E7FD5F /* FirebaseAnalyticsWithoutAdIdSupport */ = {
			isa = XCSwiftPackageProductDependency;
			package = DCFA1CAB2C0E4AB500E7FD5F /* XCRemoteSwiftPackageReference "firebase-ios-sdk" */;
			productName = FirebaseAnalyticsWithoutAdIdSupport;
		};
		DCFA1CB42C0E4AB500E7FD5F /* FirebaseAuth */ = {
			isa = XCSwiftPackageProductDependency;
			package = DCFA1CAB2C0E4AB500E7FD5F /* XCRemoteSwiftPackageReference "firebase-ios-sdk" */;
			productName = FirebaseAuth;
		};
		DCFA1CB62C0E4AB500E7FD5F /* FirebaseAuthCombine-Community */ = {
			isa = XCSwiftPackageProductDependency;
			package = DCFA1CAB2C0E4AB500E7FD5F /* XCRemoteSwiftPackageReference "firebase-ios-sdk" */;
			productName = "FirebaseAuthCombine-Community";
		};
		DCFA1CB82C0E4AB500E7FD5F /* FirebaseCrashlytics */ = {
			isa = XCSwiftPackageProductDependency;
			package = DCFA1CAB2C0E4AB500E7FD5F /* XCRemoteSwiftPackageReference "firebase-ios-sdk" */;
			productName = FirebaseCrashlytics;
		};
		DCFA1CBA2C0E4AB500E7FD5F /* FirebaseDatabase */ = {
			isa = XCSwiftPackageProductDependency;
			package = DCFA1CAB2C0E4AB500E7FD5F /* XCRemoteSwiftPackageReference "firebase-ios-sdk" */;
			productName = FirebaseDatabase;
		};
		DCFA1CBC2C0E4AB500E7FD5F /* FirebaseDatabaseSwift */ = {
			isa = XCSwiftPackageProductDependency;
			package = DCFA1CAB2C0E4AB500E7FD5F /* XCRemoteSwiftPackageReference "firebase-ios-sdk" */;
			productName = FirebaseDatabaseSwift;
		};
		DCFA1CBE2C0E4AB500E7FD5F /* FirebaseFirestore */ = {
			isa = XCSwiftPackageProductDependency;
			package = DCFA1CAB2C0E4AB500E7FD5F /* XCRemoteSwiftPackageReference "firebase-ios-sdk" */;
			productName = FirebaseFirestore;
		};
		DCFA1CC02C0E4AB500E7FD5F /* FirebaseFirestoreCombine-Community */ = {
			isa = XCSwiftPackageProductDependency;
			package = DCFA1CAB2C0E4AB500E7FD5F /* XCRemoteSwiftPackageReference "firebase-ios-sdk" */;
			productName = "FirebaseFirestoreCombine-Community";
		};
		DCFA1CC22C0E4AB500E7FD5F /* FirebaseFirestoreSwift */ = {
			isa = XCSwiftPackageProductDependency;
			package = DCFA1CAB2C0E4AB500E7FD5F /* XCRemoteSwiftPackageReference "firebase-ios-sdk" */;
			productName = FirebaseFirestoreSwift;
		};
		DCFA1CC42C0E4AB500E7FD5F /* FirebaseInstallations */ = {
			isa = XCSwiftPackageProductDependency;
			package = DCFA1CAB2C0E4AB500E7FD5F /* XCRemoteSwiftPackageReference "firebase-ios-sdk" */;
			productName = FirebaseInstallations;
		};
		DCFA1CC62C0E4AB500E7FD5F /* FirebaseStorage */ = {
			isa = XCSwiftPackageProductDependency;
			package = DCFA1CAB2C0E4AB500E7FD5F /* XCRemoteSwiftPackageReference "firebase-ios-sdk" */;
			productName = FirebaseStorage;
		};
		DCFA1CC82C0E4AB500E7FD5F /* FirebaseStorageCombine-Community */ = {
			isa = XCSwiftPackageProductDependency;
			package = DCFA1CAB2C0E4AB500E7FD5F /* XCRemoteSwiftPackageReference "firebase-ios-sdk" */;
			productName = "FirebaseStorageCombine-Community";
		};
/* End XCSwiftPackageProductDependency section */
	};
	rootObject = DCBB2F1D2BFBCD770045F9FF /* Project object */;
}
